{
  "name": "dragon-quest-battle-simulator",
  "version": "1.0.0",
  "lockfileVersion": 3,
  "requires": true,
  "packages": {
    "": {
      "name": "dragon-quest-battle-simulator",
      "version": "1.0.0",
      "dependencies": {
        "serve": "^14.2.0"
      }
    },
    "node_modules/serve": {
      "version": "14.2.0",
      "resolved": "https://registry.npmjs.org/serve/-/serve-14.2.0.tgz",
      "integrity": "sha512-8Hw1hQx3EvBD2YQlWxvtJ+pmnK6k0Z0OvNadc+XeyNI2wA/5fM2NxOnzmk3YbYpr266Fqd9w2L2UKr6rb9g==",
      "dependencies": {
        "@serve/handler": "^1.0.0",
        "boxen": "^7.1.1",
        "chalk": "^5.3.0",
        "compression": "^1.7.4",
        "cors": "^2.8.5",
        "esm": "^3.2.25",
        "http-proxy-middleware": "^2.0.6",
        "local-access": "^1.0.0",
        "meow": "^12.0.1",
        "open": "^10.0.2",
        "portfinder": "^1.0.32",
        "serve-static": "^1.15.0"
      },
      "bin": {
        "serve": "./dist/serve.js"
      },
      "engines": {
        "node": ">=18.0.0"
      }
    }
  }
}
